PODS:
  - Alamofire (4.5.1)
  - Differentiator (3.0.1)
  - ObjectMapper (3.0.0)
  - PureLayout (3.0.2)
  - RxAlamofireObjectMapper (0.2.0):
    - Alamofire (~> 4.5.1)
    - ObjectMapper (~> 3.0.0)
    - RxSwift (~> 4.0.0)
  - RxCocoa (4.0.0):
    - RxSwift (~> 4.0)
  - RxDataSources (3.0.1):
    - Differentiator (~> 3.0)
    - RxCocoa (~> 4.0)
    - RxSwift (~> 4.0)
  - RxSwift (4.0.0)
  - RxSwiftExt (3.0.0):
    - RxSwiftExt/Core (= 3.0.0)
  - RxSwiftExt/Core (3.0.0):
    - RxSwift (~> 4.0)

DEPENDENCIES:
  - PureLayout
  - RxAlamofireObjectMapper (from `../`)
  - RxDataSources
  - RxSwiftExt

EXTERNAL SOURCES:
  RxAlamofireObjectMapper:
    :path: ../

SPEC CHECKSUMS:
  Alamofire: 2d95912bf4c34f164fdfc335872e8c312acaea4a
  Differentiator: ffe513ce1ea4e7198b89fac94d6e281c673055a9
  ObjectMapper: 92230db59bf8f341a5c3a3cf0b9fbdde3cf0d87f
  PureLayout: 4d550abe49a94f24c2808b9b95db9131685fe4cd
  RxAlamofireObjectMapper: 9c2a0e47d2cfe215e05a1d079fd7b2b1b4d82c18
  RxCocoa: d62846ca96495d862fa4c59ea7d87e5031d7340e
  RxDataSources: 098b7e62b6316313b14d6bf594e3f4f4f62a238a
  RxSwift: fd680d75283beb5e2559486f3c0ff852f0d35334
  RxSwiftExt: b06c47dff66cd33ca7683bba1e74b0c5c8e3592e

PODFILE CHECKSUM: ea4b029c9b6677567aed71833f102d2f2b869624

COCOAPODS: 1.3.1
